
Microsoft Visual Studio Solution File, Format Version 12.00
# Visual Studio Version 16
VisualStudioVersion = 16.0.31112.23
MinimumVisualStudioVersion = 10.0.40219.1
Project("{FAE04EC0-301F-11D3-BF4B-00C04F79EFBC}") = "UnitTest", "UnitTest\UnitTest.csproj", "{C9E33A5B-1CED-4336-AC28-74A213CA9910}"
EndProject
Project("{FAE04EC0-301F-11D3-BF4B-00C04F79EFBC}") = "Assignment_8", "Assignment_8\Assignment_8.csproj", "{6EB0620B-DAB0-418F-BF6B-4AE385D2B515}"
EndProject
Global
	GlobalSection(SolutionConfigurationPlatforms) = preSolution
		Debug|Any CPU = Debug|Any CPU
		Release|Any CPU = Release|Any CPU
	EndGlobalSection
	GlobalSection(ProjectConfigurationPlatforms) = postSolution
		{C9E33A5B-1CED-4336-AC28-74A213CA9910}.Debug|Any CPU.ActiveCfg = Debug|Any CPU
		{C9E33A5B-1CED-4336-AC28-74A213CA9910}.Debug|Any CPU.Build.0 = Debug|Any CPU
		{C9E33A5B-1CED-4336-AC28-74A213CA9910}.Release|Any CPU.ActiveCfg = Release|Any CPU
		{C9E33A5B-1CED-4336-AC28-74A213CA9910}.Release|Any CPU.Build.0 = Release|Any CPU
		{6EB0620B-DAB0-418F-BF6B-4AE385D2B515}.Debug|Any CPU.ActiveCfg = Debug|Any CPU
		{6EB0620B-DAB0-418F-BF6B-4AE385D2B515}.Debug|Any CPU.Build.0 = Debug|Any CPU
		{6EB0620B-DAB0-418F-BF6B-4AE385D2B515}.Release|Any CPU.ActiveCfg = Release|Any CPU
		{6EB0620B-DAB0-418F-BF6B-4AE385D2B515}.Release|Any CPU.Build.0 = Release|Any CPU
	EndGlobalSection
	GlobalSection(SolutionProperties) = preSolution
		HideSolutionNode = FALSE
	EndGlobalSection
	GlobalSection(ExtensibilityGlobals) = postSolution
		SolutionGuid = {A1008B19-F07C-4B9A-A9EB-B2538CF2E5DE}
	EndGlobalSection
EndGlobal
